
Microsoft Visual Studio Solution File, Format Version 12.00
# Visual Studio Version 17
VisualStudioVersion = 17.10.34928.147
MinimumVisualStudioVersion = 10.0.40219.1
Project("{FAE04EC0-301F-11D3-BF4B-00C04F79EFBC}") = "TesteDeployJenkins", "TesteDeployJenkins.csproj", "{136D59C7-4F5D-4645-B29B-5C20B5CC4948}"
EndProject
Global
	GlobalSection(SolutionConfigurationPlatforms) = preSolution
		Debug|Any CPU = Debug|Any CPU
		Release|Any CPU = Release|Any CPU
	EndGlobalSection
	GlobalSection(ProjectConfigurationPlatforms) = postSolution
		{136D59C7-4F5D-4645-B29B-5C20B5CC4948}.Debug|Any CPU.ActiveCfg = Debug|Any CPU
		{136D59C7-4F5D-4645-B29B-5C20B5CC4948}.Debug|Any CPU.Build.0 = Debug|Any CPU
		{136D59C7-4F5D-4645-B29B-5C20B5CC4948}.Release|Any CPU.ActiveCfg = Release|Any CPU
		{136D59C7-4F5D-4645-B29B-5C20B5CC4948}.Release|Any CPU.Build.0 = Release|Any CPU
	EndGlobalSection
	GlobalSection(SolutionProperties) = preSolution
		HideSolutionNode = FALSE
	EndGlobalSection
	GlobalSection(ExtensibilityGlobals) = postSolution
		SolutionGuid = {DF46D23A-AD4A-4710-9F76-27B3A4AA014E}
	EndGlobalSection
EndGlobal
